
Microsoft Visual Studio Solution File, Format Version 12.00
# Visual Studio Version 17
VisualStudioVersion = 17.0.31903.59
MinimumVisualStudioVersion = 10.0.40219.1
Project("{2150E333-8FDC-42A3-9474-1A3956D46DE8}") = "unit test", "unit test", "{B4F6B849-B147-3BB6-BAC8-40F8628DF72D}"
EndProject
Project("{FAE04EC0-301F-11D3-BF4B-00C04F79EFBC}") = "UnitTests", "unit test\UnitTests.csproj", "{5652C3C0-58A3-4176-A396-6D038DC6EEC9}"
EndProject
Project("{2150E333-8FDC-42A3-9474-1A3956D46DE8}") = "src", "src", "{827E0CD3-B72D-47B6-A68D-7590B98EB39B}"
EndProject
Project("{2150E333-8FDC-42A3-9474-1A3956D46DE8}") = "DBMS", "DBMS", "{8D626EA8-CB54-BC41-363A-217881BEBA6E}"
EndProject
Project("{FAE04EC0-301F-11D3-BF4B-00C04F79EFBC}") = "Domain", "src\DBMS\Domain.csproj", "{CA180D9B-ABEB-4F1C-8BDE-55F85A655194}"
EndProject
Project("{FAE04EC0-301F-11D3-BF4B-00C04F79EFBC}") = "Api", "src\Api\Api.csproj", "{48DB5D11-20DC-4151-8D3F-4FC5623337D5}"
EndProject
Project("{FAE04EC0-301F-11D3-BF4B-00C04F79EFBC}") = "OnlineStores", "OnlineStores\OnlineStores.csproj", "{B2E19EEE-4CE3-447F-83EA-BEF6F9789046}"
EndProject
Global
	GlobalSection(SolutionConfigurationPlatforms) = preSolution
		Debug|Any CPU = Debug|Any CPU
		Debug|x64 = Debug|x64
		Debug|x86 = Debug|x86
		Release|Any CPU = Release|Any CPU
		Release|x64 = Release|x64
		Release|x86 = Release|x86
	EndGlobalSection
	GlobalSection(ProjectConfigurationPlatforms) = postSolution
		{5652C3C0-58A3-4176-A396-6D038DC6EEC9}.Debug|Any CPU.ActiveCfg = Debug|Any CPU
		{5652C3C0-58A3-4176-A396-6D038DC6EEC9}.Debug|Any CPU.Build.0 = Debug|Any CPU
		{5652C3C0-58A3-4176-A396-6D038DC6EEC9}.Debug|x64.ActiveCfg = Debug|Any CPU
		{5652C3C0-58A3-4176-A396-6D038DC6EEC9}.Debug|x64.Build.0 = Debug|Any CPU
		{5652C3C0-58A3-4176-A396-6D038DC6EEC9}.Debug|x86.ActiveCfg = Debug|Any CPU
		{5652C3C0-58A3-4176-A396-6D038DC6EEC9}.Debug|x86.Build.0 = Debug|Any CPU
		{5652C3C0-58A3-4176-A396-6D038DC6EEC9}.Release|Any CPU.ActiveCfg = Release|Any CPU
		{5652C3C0-58A3-4176-A396-6D038DC6EEC9}.Release|Any CPU.Build.0 = Release|Any CPU
		{5652C3C0-58A3-4176-A396-6D038DC6EEC9}.Release|x64.ActiveCfg = Release|Any CPU
		{5652C3C0-58A3-4176-A396-6D038DC6EEC9}.Release|x64.Build.0 = Release|Any CPU
		{5652C3C0-58A3-4176-A396-6D038DC6EEC9}.Release|x86.ActiveCfg = Release|Any CPU
		{5652C3C0-58A3-4176-A396-6D038DC6EEC9}.Release|x86.Build.0 = Release|Any CPU
		{CA180D9B-ABEB-4F1C-8BDE-55F85A655194}.Debug|Any CPU.ActiveCfg = Debug|Any CPU
		{CA180D9B-ABEB-4F1C-8BDE-55F85A655194}.Debug|Any CPU.Build.0 = Debug|Any CPU
		{CA180D9B-ABEB-4F1C-8BDE-55F85A655194}.Debug|x64.ActiveCfg = Debug|Any CPU
		{CA180D9B-ABEB-4F1C-8BDE-55F85A655194}.Debug|x64.Build.0 = Debug|Any CPU
		{CA180D9B-ABEB-4F1C-8BDE-55F85A655194}.Debug|x86.ActiveCfg = Debug|Any CPU
		{CA180D9B-ABEB-4F1C-8BDE-55F85A655194}.Debug|x86.Build.0 = Debug|Any CPU
		{CA180D9B-ABEB-4F1C-8BDE-55F85A655194}.Release|Any CPU.ActiveCfg = Release|Any CPU
		{CA180D9B-ABEB-4F1C-8BDE-55F85A655194}.Release|Any CPU.Build.0 = Release|Any CPU
		{CA180D9B-ABEB-4F1C-8BDE-55F85A655194}.Release|x64.ActiveCfg = Release|Any CPU
		{CA180D9B-ABEB-4F1C-8BDE-55F85A655194}.Release|x64.Build.0 = Release|Any CPU
		{CA180D9B-ABEB-4F1C-8BDE-55F85A655194}.Release|x86.ActiveCfg = Release|Any CPU
		{CA180D9B-ABEB-4F1C-8BDE-55F85A655194}.Release|x86.Build.0 = Release|Any CPU
		{48DB5D11-20DC-4151-8D3F-4FC5623337D5}.Debug|Any CPU.ActiveCfg = Debug|Any CPU
		{48DB5D11-20DC-4151-8D3F-4FC5623337D5}.Debug|Any CPU.Build.0 = Debug|Any CPU
		{48DB5D11-20DC-4151-8D3F-4FC5623337D5}.Debug|x64.ActiveCfg = Debug|Any CPU
		{48DB5D11-20DC-4151-8D3F-4FC5623337D5}.Debug|x64.Build.0 = Debug|Any CPU
		{48DB5D11-20DC-4151-8D3F-4FC5623337D5}.Debug|x86.ActiveCfg = Debug|Any CPU
		{48DB5D11-20DC-4151-8D3F-4FC5623337D5}.Debug|x86.Build.0 = Debug|Any CPU
		{48DB5D11-20DC-4151-8D3F-4FC5623337D5}.Release|Any CPU.ActiveCfg = Release|Any CPU
		{48DB5D11-20DC-4151-8D3F-4FC5623337D5}.Release|Any CPU.Build.0 = Release|Any CPU
		{48DB5D11-20DC-4151-8D3F-4FC5623337D5}.Release|x64.ActiveCfg = Release|Any CPU
		{48DB5D11-20DC-4151-8D3F-4FC5623337D5}.Release|x64.Build.0 = Release|Any CPU
		{48DB5D11-20DC-4151-8D3F-4FC5623337D5}.Release|x86.ActiveCfg = Release|Any CPU
		{48DB5D11-20DC-4151-8D3F-4FC5623337D5}.Release|x86.Build.0 = Release|Any CPU
		{B2E19EEE-4CE3-447F-83EA-BEF6F9789046}.Debug|Any CPU.ActiveCfg = Debug|Any CPU
		{B2E19EEE-4CE3-447F-83EA-BEF6F9789046}.Debug|Any CPU.Build.0 = Debug|Any CPU
		{B2E19EEE-4CE3-447F-83EA-BEF6F9789046}.Debug|x64.ActiveCfg = Debug|Any CPU
		{B2E19EEE-4CE3-447F-83EA-BEF6F9789046}.Debug|x64.Build.0 = Debug|Any CPU
		{B2E19EEE-4CE3-447F-83EA-BEF6F9789046}.Debug|x86.ActiveCfg = Debug|Any CPU
		{B2E19EEE-4CE3-447F-83EA-BEF6F9789046}.Debug|x86.Build.0 = Debug|Any CPU
		{B2E19EEE-4CE3-447F-83EA-BEF6F9789046}.Release|Any CPU.ActiveCfg = Release|Any CPU
		{B2E19EEE-4CE3-447F-83EA-BEF6F9789046}.Release|Any CPU.Build.0 = Release|Any CPU
		{B2E19EEE-4CE3-447F-83EA-BEF6F9789046}.Release|x64.ActiveCfg = Release|Any CPU
		{B2E19EEE-4CE3-447F-83EA-BEF6F9789046}.Release|x64.Build.0 = Release|Any CPU
		{B2E19EEE-4CE3-447F-83EA-BEF6F9789046}.Release|x86.ActiveCfg = Release|Any CPU
		{B2E19EEE-4CE3-447F-83EA-BEF6F9789046}.Release|x86.Build.0 = Release|Any CPU
	EndGlobalSection
	GlobalSection(SolutionProperties) = preSolution
		HideSolutionNode = FALSE
	EndGlobalSection
	GlobalSection(NestedProjects) = preSolution
		{5652C3C0-58A3-4176-A396-6D038DC6EEC9} = {B4F6B849-B147-3BB6-BAC8-40F8628DF72D}
		{8D626EA8-CB54-BC41-363A-217881BEBA6E} = {827E0CD3-B72D-47B6-A68D-7590B98EB39B}
		{CA180D9B-ABEB-4F1C-8BDE-55F85A655194} = {8D626EA8-CB54-BC41-363A-217881BEBA6E}
		{48DB5D11-20DC-4151-8D3F-4FC5623337D5} = {827E0CD3-B72D-47B6-A68D-7590B98EB39B}
	EndGlobalSection
EndGlobal
