
Microsoft Visual Studio Solution File, Format Version 12.00
# Visual Studio Version 17
VisualStudioVersion = 17.0.31903.59
MinimumVisualStudioVersion = 10.0.40219.1
Project("{2150E333-8FDC-42A3-9474-1A3956D46DE8}") = "src", "src", "{827E0CD3-B72D-47B6-A68D-7590B98EB39B}"
EndProject
Project("{FAE04EC0-301F-11D3-BF4B-00C04F79EFBC}") = "DBMS.StorageEngine", "src\StorageEngine\DBMS.StorageEngine.csproj", "{ED1DED0D-C389-49E8-9E7B-38D091C480EB}"
EndProject
Project("{FAE04EC0-301F-11D3-BF4B-00C04F79EFBC}") = "DatabaseManagement", "src\DatabaseManagement\DatabaseManagement.csproj", "{06426320-ECA1-4F19-968B-15A79702FC80}"
EndProject
Project("{FAE04EC0-301F-11D3-BF4B-00C04F79EFBC}") = "PerformanceManagement", "src\PerformanceManagement\PerformanceManagement.csproj", "{FD5555EA-C10E-4807-8747-D8A3CA9D6EF2}"
EndProject
Project("{FAE04EC0-301F-11D3-BF4B-00C04F79EFBC}") = "RecoveryManagement", "src\RecoveryManagement\RecoveryManagement.csproj", "{CF2D4FCE-5EF0-4D3F-AC56-98DA2B0AF794}"
EndProject
Project("{FAE04EC0-301F-11D3-BF4B-00C04F79EFBC}") = "SecurityManagement", "src\SecurityManagement\SecurityManagement.csproj", "{3A9A397E-E7E5-458E-956C-2F0C97A67AEF}"
EndProject
Project("{FAE04EC0-301F-11D3-BF4B-00C04F79EFBC}") = "SystemManagement", "src\SystemManagement\SystemManagement.csproj", "{32FD1FFA-375E-40EF-97A3-E558A749BB01}"
EndProject
Global
	GlobalSection(SolutionConfigurationPlatforms) = preSolution
		Debug|Any CPU = Debug|Any CPU
		Debug|x64 = Debug|x64
		Debug|x86 = Debug|x86
		Release|Any CPU = Release|Any CPU
		Release|x64 = Release|x64
		Release|x86 = Release|x86
	EndGlobalSection
	GlobalSection(ProjectConfigurationPlatforms) = postSolution
		{ED1DED0D-C389-49E8-9E7B-38D091C480EB}.Debug|Any CPU.ActiveCfg = Debug|Any CPU
		{ED1DED0D-C389-49E8-9E7B-38D091C480EB}.Debug|Any CPU.Build.0 = Debug|Any CPU
		{ED1DED0D-C389-49E8-9E7B-38D091C480EB}.Debug|x64.ActiveCfg = Debug|Any CPU
		{ED1DED0D-C389-49E8-9E7B-38D091C480EB}.Debug|x64.Build.0 = Debug|Any CPU
		{ED1DED0D-C389-49E8-9E7B-38D091C480EB}.Debug|x86.ActiveCfg = Debug|Any CPU
		{ED1DED0D-C389-49E8-9E7B-38D091C480EB}.Debug|x86.Build.0 = Debug|Any CPU
		{ED1DED0D-C389-49E8-9E7B-38D091C480EB}.Release|Any CPU.ActiveCfg = Release|Any CPU
		{ED1DED0D-C389-49E8-9E7B-38D091C480EB}.Release|Any CPU.Build.0 = Release|Any CPU
		{ED1DED0D-C389-49E8-9E7B-38D091C480EB}.Release|x64.ActiveCfg = Release|Any CPU
		{ED1DED0D-C389-49E8-9E7B-38D091C480EB}.Release|x64.Build.0 = Release|Any CPU
		{ED1DED0D-C389-49E8-9E7B-38D091C480EB}.Release|x86.ActiveCfg = Release|Any CPU
		{ED1DED0D-C389-49E8-9E7B-38D091C480EB}.Release|x86.Build.0 = Release|Any CPU
		{06426320-ECA1-4F19-968B-15A79702FC80}.Debug|Any CPU.ActiveCfg = Debug|Any CPU
		{06426320-ECA1-4F19-968B-15A79702FC80}.Debug|Any CPU.Build.0 = Debug|Any CPU
		{06426320-ECA1-4F19-968B-15A79702FC80}.Debug|x64.ActiveCfg = Debug|Any CPU
		{06426320-ECA1-4F19-968B-15A79702FC80}.Debug|x64.Build.0 = Debug|Any CPU
		{06426320-ECA1-4F19-968B-15A79702FC80}.Debug|x86.ActiveCfg = Debug|Any CPU
		{06426320-ECA1-4F19-968B-15A79702FC80}.Debug|x86.Build.0 = Debug|Any CPU
		{06426320-ECA1-4F19-968B-15A79702FC80}.Release|Any CPU.ActiveCfg = Release|Any CPU
		{06426320-ECA1-4F19-968B-15A79702FC80}.Release|Any CPU.Build.0 = Release|Any CPU
		{06426320-ECA1-4F19-968B-15A79702FC80}.Release|x64.ActiveCfg = Release|Any CPU
		{06426320-ECA1-4F19-968B-15A79702FC80}.Release|x64.Build.0 = Release|Any CPU
		{06426320-ECA1-4F19-968B-15A79702FC80}.Release|x86.ActiveCfg = Release|Any CPU
		{06426320-ECA1-4F19-968B-15A79702FC80}.Release|x86.Build.0 = Release|Any CPU
		{FD5555EA-C10E-4807-8747-D8A3CA9D6EF2}.Debug|Any CPU.ActiveCfg = Debug|Any CPU
		{FD5555EA-C10E-4807-8747-D8A3CA9D6EF2}.Debug|Any CPU.Build.0 = Debug|Any CPU
		{FD5555EA-C10E-4807-8747-D8A3CA9D6EF2}.Debug|x64.ActiveCfg = Debug|Any CPU
		{FD5555EA-C10E-4807-8747-D8A3CA9D6EF2}.Debug|x64.Build.0 = Debug|Any CPU
		{FD5555EA-C10E-4807-8747-D8A3CA9D6EF2}.Debug|x86.ActiveCfg = Debug|Any CPU
		{FD5555EA-C10E-4807-8747-D8A3CA9D6EF2}.Debug|x86.Build.0 = Debug|Any CPU
		{FD5555EA-C10E-4807-8747-D8A3CA9D6EF2}.Release|Any CPU.ActiveCfg = Release|Any CPU
		{FD5555EA-C10E-4807-8747-D8A3CA9D6EF2}.Release|Any CPU.Build.0 = Release|Any CPU
		{FD5555EA-C10E-4807-8747-D8A3CA9D6EF2}.Release|x64.ActiveCfg = Release|Any CPU
		{FD5555EA-C10E-4807-8747-D8A3CA9D6EF2}.Release|x64.Build.0 = Release|Any CPU
		{FD5555EA-C10E-4807-8747-D8A3CA9D6EF2}.Release|x86.ActiveCfg = Release|Any CPU
		{FD5555EA-C10E-4807-8747-D8A3CA9D6EF2}.Release|x86.Build.0 = Release|Any CPU
		{CF2D4FCE-5EF0-4D3F-AC56-98DA2B0AF794}.Debug|Any CPU.ActiveCfg = Debug|Any CPU
		{CF2D4FCE-5EF0-4D3F-AC56-98DA2B0AF794}.Debug|Any CPU.Build.0 = Debug|Any CPU
		{CF2D4FCE-5EF0-4D3F-AC56-98DA2B0AF794}.Debug|x64.ActiveCfg = Debug|Any CPU
		{CF2D4FCE-5EF0-4D3F-AC56-98DA2B0AF794}.Debug|x64.Build.0 = Debug|Any CPU
		{CF2D4FCE-5EF0-4D3F-AC56-98DA2B0AF794}.Debug|x86.ActiveCfg = Debug|Any CPU
		{CF2D4FCE-5EF0-4D3F-AC56-98DA2B0AF794}.Debug|x86.Build.0 = Debug|Any CPU
		{CF2D4FCE-5EF0-4D3F-AC56-98DA2B0AF794}.Release|Any CPU.ActiveCfg = Release|Any CPU
		{CF2D4FCE-5EF0-4D3F-AC56-98DA2B0AF794}.Release|Any CPU.Build.0 = Release|Any CPU
		{CF2D4FCE-5EF0-4D3F-AC56-98DA2B0AF794}.Release|x64.ActiveCfg = Release|Any CPU
		{CF2D4FCE-5EF0-4D3F-AC56-98DA2B0AF794}.Release|x64.Build.0 = Release|Any CPU
		{CF2D4FCE-5EF0-4D3F-AC56-98DA2B0AF794}.Release|x86.ActiveCfg = Release|Any CPU
		{CF2D4FCE-5EF0-4D3F-AC56-98DA2B0AF794}.Release|x86.Build.0 = Release|Any CPU
		{3A9A397E-E7E5-458E-956C-2F0C97A67AEF}.Debug|Any CPU.ActiveCfg = Debug|Any CPU
		{3A9A397E-E7E5-458E-956C-2F0C97A67AEF}.Debug|Any CPU.Build.0 = Debug|Any CPU
		{3A9A397E-E7E5-458E-956C-2F0C97A67AEF}.Debug|x64.ActiveCfg = Debug|Any CPU
		{3A9A397E-E7E5-458E-956C-2F0C97A67AEF}.Debug|x64.Build.0 = Debug|Any CPU
		{3A9A397E-E7E5-458E-956C-2F0C97A67AEF}.Debug|x86.ActiveCfg = Debug|Any CPU
		{3A9A397E-E7E5-458E-956C-2F0C97A67AEF}.Debug|x86.Build.0 = Debug|Any CPU
		{3A9A397E-E7E5-458E-956C-2F0C97A67AEF}.Release|Any CPU.ActiveCfg = Release|Any CPU
		{3A9A397E-E7E5-458E-956C-2F0C97A67AEF}.Release|Any CPU.Build.0 = Release|Any CPU
		{3A9A397E-E7E5-458E-956C-2F0C97A67AEF}.Release|x64.ActiveCfg = Release|Any CPU
		{3A9A397E-E7E5-458E-956C-2F0C97A67AEF}.Release|x64.Build.0 = Release|Any CPU
		{3A9A397E-E7E5-458E-956C-2F0C97A67AEF}.Release|x86.ActiveCfg = Release|Any CPU
		{3A9A397E-E7E5-458E-956C-2F0C97A67AEF}.Release|x86.Build.0 = Release|Any CPU
		{32FD1FFA-375E-40EF-97A3-E558A749BB01}.Debug|Any CPU.ActiveCfg = Debug|Any CPU
		{32FD1FFA-375E-40EF-97A3-E558A749BB01}.Debug|Any CPU.Build.0 = Debug|Any CPU
		{32FD1FFA-375E-40EF-97A3-E558A749BB01}.Debug|x64.ActiveCfg = Debug|Any CPU
		{32FD1FFA-375E-40EF-97A3-E558A749BB01}.Debug|x64.Build.0 = Debug|Any CPU
		{32FD1FFA-375E-40EF-97A3-E558A749BB01}.Debug|x86.ActiveCfg = Debug|Any CPU
		{32FD1FFA-375E-40EF-97A3-E558A749BB01}.Debug|x86.Build.0 = Debug|Any CPU
		{32FD1FFA-375E-40EF-97A3-E558A749BB01}.Release|Any CPU.ActiveCfg = Release|Any CPU
		{32FD1FFA-375E-40EF-97A3-E558A749BB01}.Release|Any CPU.Build.0 = Release|Any CPU
		{32FD1FFA-375E-40EF-97A3-E558A749BB01}.Release|x64.ActiveCfg = Release|Any CPU
		{32FD1FFA-375E-40EF-97A3-E558A749BB01}.Release|x64.Build.0 = Release|Any CPU
		{32FD1FFA-375E-40EF-97A3-E558A749BB01}.Release|x86.ActiveCfg = Release|Any CPU
		{32FD1FFA-375E-40EF-97A3-E558A749BB01}.Release|x86.Build.0 = Release|Any CPU
	EndGlobalSection
	GlobalSection(SolutionProperties) = preSolution
		HideSolutionNode = FALSE
	EndGlobalSection
	GlobalSection(NestedProjects) = preSolution
		{ED1DED0D-C389-49E8-9E7B-38D091C480EB} = {827E0CD3-B72D-47B6-A68D-7590B98EB39B}
		{06426320-ECA1-4F19-968B-15A79702FC80} = {827E0CD3-B72D-47B6-A68D-7590B98EB39B}
		{FD5555EA-C10E-4807-8747-D8A3CA9D6EF2} = {827E0CD3-B72D-47B6-A68D-7590B98EB39B}
		{CF2D4FCE-5EF0-4D3F-AC56-98DA2B0AF794} = {827E0CD3-B72D-47B6-A68D-7590B98EB39B}
		{3A9A397E-E7E5-458E-956C-2F0C97A67AEF} = {827E0CD3-B72D-47B6-A68D-7590B98EB39B}
		{32FD1FFA-375E-40EF-97A3-E558A749BB01} = {827E0CD3-B72D-47B6-A68D-7590B98EB39B}
	EndGlobalSection
EndGlobal
