
Microsoft Visual Studio Solution File, Format Version 12.00
# Visual Studio Version 17
VisualStudioVersion = 17.0.31903.59
MinimumVisualStudioVersion = 10.0.40219.1
Project("{2150E333-8FDC-42A3-9474-1A3956D46DE8}") = "src", "src", "{827E0CD3-B72D-47B6-A68D-7590B98EB39B}"
EndProject
Project("{FAE04EC0-301F-11D3-BF4B-00C04F79EFBC}") = "DBMS.Core", "src\DBMS.Core.csproj", "{08B0FFB1-6D66-429B-8AFC-8517195E5D60}"
EndProject
Project("{2150E333-8FDC-42A3-9474-1A3956D46DE8}") = "unit test", "unit test", "{B4F6B849-B147-3BB6-BAC8-40F8628DF72D}"
EndProject
Project("{FAE04EC0-301F-11D3-BF4B-00C04F79EFBC}") = "UnitTests", "unit test\UnitTests.csproj", "{5652C3C0-58A3-4176-A396-6D038DC6EEC9}"
EndProject
Project("{2150E333-8FDC-42A3-9474-1A3956D46DE8}") = "scratch", "scratch", "{F2659A5F-1EBD-3F4F-4A30-86EC08B46DDA}"
EndProject
Project("{2150E333-8FDC-42A3-9474-1A3956D46DE8}") = "SequenceGenerator", "SequenceGenerator", "{2416E1E2-3411-BB2C-0826-1A7D936B5C20}"
EndProject
Global
	GlobalSection(SolutionConfigurationPlatforms) = preSolution
		Debug|Any CPU = Debug|Any CPU
		Debug|x64 = Debug|x64
		Debug|x86 = Debug|x86
		Release|Any CPU = Release|Any CPU
		Release|x64 = Release|x64
		Release|x86 = Release|x86
	EndGlobalSection
	GlobalSection(ProjectConfigurationPlatforms) = postSolution
		{08B0FFB1-6D66-429B-8AFC-8517195E5D60}.Debug|Any CPU.ActiveCfg = Debug|Any CPU
		{08B0FFB1-6D66-429B-8AFC-8517195E5D60}.Debug|Any CPU.Build.0 = Debug|Any CPU
		{08B0FFB1-6D66-429B-8AFC-8517195E5D60}.Debug|x64.ActiveCfg = Debug|Any CPU
		{08B0FFB1-6D66-429B-8AFC-8517195E5D60}.Debug|x64.Build.0 = Debug|Any CPU
		{08B0FFB1-6D66-429B-8AFC-8517195E5D60}.Debug|x86.ActiveCfg = Debug|Any CPU
		{08B0FFB1-6D66-429B-8AFC-8517195E5D60}.Debug|x86.Build.0 = Debug|Any CPU
		{08B0FFB1-6D66-429B-8AFC-8517195E5D60}.Release|Any CPU.ActiveCfg = Release|Any CPU
		{08B0FFB1-6D66-429B-8AFC-8517195E5D60}.Release|Any CPU.Build.0 = Release|Any CPU
		{08B0FFB1-6D66-429B-8AFC-8517195E5D60}.Release|x64.ActiveCfg = Release|Any CPU
		{08B0FFB1-6D66-429B-8AFC-8517195E5D60}.Release|x64.Build.0 = Release|Any CPU
		{08B0FFB1-6D66-429B-8AFC-8517195E5D60}.Release|x86.ActiveCfg = Release|Any CPU
		{08B0FFB1-6D66-429B-8AFC-8517195E5D60}.Release|x86.Build.0 = Release|Any CPU
		{5652C3C0-58A3-4176-A396-6D038DC6EEC9}.Debug|Any CPU.ActiveCfg = Debug|Any CPU
		{5652C3C0-58A3-4176-A396-6D038DC6EEC9}.Debug|Any CPU.Build.0 = Debug|Any CPU
		{5652C3C0-58A3-4176-A396-6D038DC6EEC9}.Debug|x64.ActiveCfg = Debug|Any CPU
		{5652C3C0-58A3-4176-A396-6D038DC6EEC9}.Debug|x64.Build.0 = Debug|Any CPU
		{5652C3C0-58A3-4176-A396-6D038DC6EEC9}.Debug|x86.ActiveCfg = Debug|Any CPU
		{5652C3C0-58A3-4176-A396-6D038DC6EEC9}.Debug|x86.Build.0 = Debug|Any CPU
		{5652C3C0-58A3-4176-A396-6D038DC6EEC9}.Release|Any CPU.ActiveCfg = Release|Any CPU
		{5652C3C0-58A3-4176-A396-6D038DC6EEC9}.Release|Any CPU.Build.0 = Release|Any CPU
		{5652C3C0-58A3-4176-A396-6D038DC6EEC9}.Release|x64.ActiveCfg = Release|Any CPU
		{5652C3C0-58A3-4176-A396-6D038DC6EEC9}.Release|x64.Build.0 = Release|Any CPU
		{5652C3C0-58A3-4176-A396-6D038DC6EEC9}.Release|x86.ActiveCfg = Release|Any CPU
		{5652C3C0-58A3-4176-A396-6D038DC6EEC9}.Release|x86.Build.0 = Release|Any CPU
	EndGlobalSection
	GlobalSection(SolutionProperties) = preSolution
		HideSolutionNode = FALSE
	EndGlobalSection
	GlobalSection(NestedProjects) = preSolution
		{08B0FFB1-6D66-429B-8AFC-8517195E5D60} = {827E0CD3-B72D-47B6-A68D-7590B98EB39B}
		{5652C3C0-58A3-4176-A396-6D038DC6EEC9} = {B4F6B849-B147-3BB6-BAC8-40F8628DF72D}
		{2416E1E2-3411-BB2C-0826-1A7D936B5C20} = {F2659A5F-1EBD-3F4F-4A30-86EC08B46DDA}
	EndGlobalSection
EndGlobal
